<?xml version="1.0" encoding="utf-8"?>
<Project ToolsVersion="4.0" xmlns="http://schemas.microsoft.com/developer/msbuild/2003">
  <ItemGroup>
    <ClInclude Include="GameEngineWindow.h" />
    <ClInclude Include="GameEngineWindowTexture.h" />
    <ClInclude Include="GameEngineInput.h" />
    <ClInclude Include="GameEngineSound.h" />
  </ItemGroup>
  <ItemGroup>
    <ClCompile Include="GameEngineWindow.cpp" />
    <ClCompile Include="GameEngineWindowTexture.cpp" />
    <ClCompile Include="GameEngineInput.cpp" />
    <ClCompile Include="GameEngineSound.cpp" />
  </ItemGroup>
  <ItemGroup>
    <Filter Include="FMOD">
      <UniqueIdentifier>{c87161fd-3d98-47f6-b404-b650d2090bed}</UniqueIdentifier>
    </Filter>
    <Filter Include="FMOD\Debug">
      <UniqueIdentifier>{642b98a0-df10-4db1-9e0a-5b113875f396}</UniqueIdentifier>
    </Filter>
    <Filter Include="FMOD\Release">
      <UniqueIdentifier>{9343b958-dfdb-4ac5-aefc-8a1b6ee2498f}</UniqueIdentifier>
    </Filter>
  </ItemGroup>
  <ItemGroup>
    <Library Include="ThirdParty\FMOD\lib\x64\fmodL_vc.lib">
      <Filter>FMOD\Debug</Filter>
    </Library>
    <Library Include="ThirdParty\FMOD\lib\x64\fmod_vc.lib">
      <Filter>FMOD\Release</Filter>
    </Library>
  </ItemGroup>
  <ItemGroup>
    <CopyFileToFolders Include="ThirdParty\FMOD\lib\x64\fmodL.dll">
      <Filter>FMOD\Debug</Filter>
    </CopyFileToFolders>
    <CopyFileToFolders Include="ThirdParty\FMOD\lib\x64\fmod.dll">
      <Filter>FMOD\Release</Filter>
    </CopyFileToFolders>
  </ItemGroup>
</Project>