<?xml version="1.0" encoding="utf-8"?>
<Project ToolsVersion="4.0" xmlns="http://schemas.microsoft.com/developer/msbuild/2003">
  <ItemGroup>
    <Filter Include="Level">
      <UniqueIdentifier>{d441a50b-59ce-417f-8756-12e896042e23}</UniqueIdentifier>
    </Filter>
    <Filter Include="Global">
      <UniqueIdentifier>{b2b0edfa-a5db-484d-bd05-1d6a8ca48840}</UniqueIdentifier>
    </Filter>
    <Filter Include="Global\Player">
      <UniqueIdentifier>{276b6248-109a-4b4a-af62-4a59fcb1dba4}</UniqueIdentifier>
    </Filter>
    <Filter Include="Global\Arabian">
      <UniqueIdentifier>{cf9eccd3-0c82-4d85-a5bf-f9c159048efc}</UniqueIdentifier>
    </Filter>
    <Filter Include="Global\WeaponSFX">
      <UniqueIdentifier>{680d164d-d45e-40a7-ac28-387125e677b1}</UniqueIdentifier>
    </Filter>
  </ItemGroup>
  <ItemGroup>
    <ClInclude Include="TitleLevel.h">
      <Filter>Level</Filter>
    </ClInclude>
    <ClInclude Include="Stage1.h">
      <Filter>Level</Filter>
    </ClInclude>
    <ClInclude Include="CharacterSelectLevel.h">
      <Filter>Level</Filter>
    </ClInclude>
    <ClInclude Include="MetalSlugCore.h" />
    <ClInclude Include="BackGround.h">
      <Filter>Global</Filter>
    </ClInclude>
    <ClInclude Include="ContentsEnum.h">
      <Filter>Global</Filter>
    </ClInclude>
    <ClInclude Include="Player.h">
      <Filter>Global\Player</Filter>
    </ClInclude>
    <ClInclude Include="Arabian.h">
      <Filter>Global\Arabian</Filter>
    </ClInclude>
    <ClInclude Include="PlayActor.h">
      <Filter>Global</Filter>
    </ClInclude>
    <ClInclude Include="Bullet.h">
      <Filter>Global\WeaponSFX</Filter>
    </ClInclude>
    <ClInclude Include="Granade.h">
      <Filter>Global\WeaponSFX</Filter>
    </ClInclude>
    <ClInclude Include="GlobalValue.h">
      <Filter>Global</Filter>
    </ClInclude>
  </ItemGroup>
  <ItemGroup>
    <ClCompile Include="TitleLevel.cpp">
      <Filter>Level</Filter>
    </ClCompile>
    <ClCompile Include="Stage1.cpp">
      <Filter>Level</Filter>
    </ClCompile>
    <ClCompile Include="CharacterSelectLevel.cpp">
      <Filter>Level</Filter>
    </ClCompile>
    <ClCompile Include="MetalSlugCore.cpp" />
    <ClCompile Include="BackGround.cpp">
      <Filter>Global</Filter>
    </ClCompile>
    <ClCompile Include="Player.cpp">
      <Filter>Global\Player</Filter>
    </ClCompile>
    <ClCompile Include="Player_State.cpp">
      <Filter>Global\Player</Filter>
    </ClCompile>
    <ClCompile Include="Arabian.cpp">
      <Filter>Global\Arabian</Filter>
    </ClCompile>
    <ClCompile Include="PlayActor.cpp">
      <Filter>Global</Filter>
    </ClCompile>
    <ClCompile Include="Bullet.cpp">
      <Filter>Global\WeaponSFX</Filter>
    </ClCompile>
    <ClCompile Include="Granade.cpp">
      <Filter>Global\WeaponSFX</Filter>
    </ClCompile>
    <ClCompile Include="GlobalValue.cpp">
      <Filter>Global</Filter>
    </ClCompile>
  </ItemGroup>
</Project>